
Microsoft Visual Studio Solution File, Format Version 12.00
# Visual Studio Version 16
VisualStudioVersion = 16.0.29519.87
MinimumVisualStudioVersion = 10.0.40219.1
Project("{2150E333-8FDC-42A3-9474-1A3956D46DE8}") = "Src", "Src", "{3E67C921-D341-42FB-9934-B03C05A28BEB}"
EndProject
Project("{9A19103F-16F7-4668-BE54-9A1E7A4F7556}") = "BootCamp.Chapter", "Src\BootCamp.Chapter\BootCamp.Chapter.csproj", "{AD4B9DF0-A466-44FE-ADB8-D16BE20E6A37}"
EndProject
Global
	GlobalSection(SolutionConfigurationPlatforms) = preSolution
		Debug|Any CPU = Debug|Any CPU
		Release|Any CPU = Release|Any CPU
	EndGlobalSection
	GlobalSection(ProjectConfigurationPlatforms) = postSolution
		{AD4B9DF0-A466-44FE-ADB8-D16BE20E6A37}.Debug|Any CPU.ActiveCfg = Debug|Any CPU
		{AD4B9DF0-A466-44FE-ADB8-D16BE20E6A37}.Debug|Any CPU.Build.0 = Debug|Any CPU
		{AD4B9DF0-A466-44FE-ADB8-D16BE20E6A37}.Release|Any CPU.ActiveCfg = Release|Any CPU
		{AD4B9DF0-A466-44FE-ADB8-D16BE20E6A37}.Release|Any CPU.Build.0 = Release|Any CPU
	EndGlobalSection
	GlobalSection(SolutionProperties) = preSolution
		HideSolutionNode = FALSE
	EndGlobalSection
	GlobalSection(NestedProjects) = preSolution
		{AD4B9DF0-A466-44FE-ADB8-D16BE20E6A37} = {3E67C921-D341-42FB-9934-B03C05A28BEB}
	EndGlobalSection
	GlobalSection(ExtensibilityGlobals) = postSolution
		SolutionGuid = {5969FA83-B2F9-4714-8336-EEBBDA71F6FF}
	EndGlobalSection
EndGlobal
