
Microsoft Visual Studio Solution File, Format Version 12.00
# Visual Studio Version 16
VisualStudioVersion = 16.0.29519.87
MinimumVisualStudioVersion = 10.0.40219.1
Project("{2150E333-8FDC-42A3-9474-1A3956D46DE8}") = "Src", "Src", "{3E67C921-D341-42FB-9934-B03C05A28BEB}"
EndProject
Project("{2150E333-8FDC-42A3-9474-1A3956D46DE8}") = "Tests", "Tests", "{7559227A-AC63-40F9-B43A-BF1D3CB352D6}"
EndProject
Project("{9A19103F-16F7-4668-BE54-9A1E7A4F7556}") = "BootCamp1.Chapter", "Src\BootCamp.Chapter1\BootCamp1.Chapter.csproj", "{24F35266-443F-4BF8-BCE4-918942C4CB4A}"
EndProject
Project("{9A19103F-16F7-4668-BE54-9A1E7A4F7556}") = "BootCamp.Chapter1.Tests", "Tests\BootCamp.Chapter1.Tests\BootCamp.Chapter1.Tests.csproj", "{503882B9-53EF-4FF2-9973-69DF911B23BA}"
EndProject
Global
	GlobalSection(SolutionConfigurationPlatforms) = preSolution
		Debug|Any CPU = Debug|Any CPU
		Release|Any CPU = Release|Any CPU
	EndGlobalSection
	GlobalSection(ProjectConfigurationPlatforms) = postSolution
		{24F35266-443F-4BF8-BCE4-918942C4CB4A}.Debug|Any CPU.ActiveCfg = Debug|Any CPU
		{24F35266-443F-4BF8-BCE4-918942C4CB4A}.Debug|Any CPU.Build.0 = Debug|Any CPU
		{24F35266-443F-4BF8-BCE4-918942C4CB4A}.Release|Any CPU.ActiveCfg = Release|Any CPU
		{24F35266-443F-4BF8-BCE4-918942C4CB4A}.Release|Any CPU.Build.0 = Release|Any CPU
		{503882B9-53EF-4FF2-9973-69DF911B23BA}.Debug|Any CPU.ActiveCfg = Debug|Any CPU
		{503882B9-53EF-4FF2-9973-69DF911B23BA}.Debug|Any CPU.Build.0 = Debug|Any CPU
		{503882B9-53EF-4FF2-9973-69DF911B23BA}.Release|Any CPU.ActiveCfg = Release|Any CPU
		{503882B9-53EF-4FF2-9973-69DF911B23BA}.Release|Any CPU.Build.0 = Release|Any CPU
	EndGlobalSection
	GlobalSection(SolutionProperties) = preSolution
		HideSolutionNode = FALSE
	EndGlobalSection
	GlobalSection(NestedProjects) = preSolution
		{24F35266-443F-4BF8-BCE4-918942C4CB4A} = {3E67C921-D341-42FB-9934-B03C05A28BEB}
		{503882B9-53EF-4FF2-9973-69DF911B23BA} = {7559227A-AC63-40F9-B43A-BF1D3CB352D6}
	EndGlobalSection
	GlobalSection(ExtensibilityGlobals) = postSolution
		SolutionGuid = {5969FA83-B2F9-4714-8336-EEBBDA71F6FF}
	EndGlobalSection
EndGlobal
