
Microsoft Visual Studio Solution File, Format Version 12.00
# Visual Studio Version 16
VisualStudioVersion = 16.0.29926.136
MinimumVisualStudioVersion = 10.0.40219.1
Project("{FAE04EC0-301F-11D3-BF4B-00C04F79EFBC}") = "Program", "Program\Program.csproj", "{76DDA590-2A28-4693-A627-2251FDDC4225}"
EndProject
Global
	GlobalSection(SolutionConfigurationPlatforms) = preSolution
		Debug|Any CPU = Debug|Any CPU
		Release|Any CPU = Release|Any CPU
	EndGlobalSection
	GlobalSection(ProjectConfigurationPlatforms) = postSolution
		{76DDA590-2A28-4693-A627-2251FDDC4225}.Debug|Any CPU.ActiveCfg = Debug|Any CPU
		{76DDA590-2A28-4693-A627-2251FDDC4225}.Debug|Any CPU.Build.0 = Debug|Any CPU
		{76DDA590-2A28-4693-A627-2251FDDC4225}.Release|Any CPU.ActiveCfg = Release|Any CPU
		{76DDA590-2A28-4693-A627-2251FDDC4225}.Release|Any CPU.Build.0 = Release|Any CPU
	EndGlobalSection
	GlobalSection(SolutionProperties) = preSolution
		HideSolutionNode = FALSE
	EndGlobalSection
	GlobalSection(ExtensibilityGlobals) = postSolution
		SolutionGuid = {B5EC45B2-4B71-4FC4-BE73-2CFAAEC8623E}
	EndGlobalSection
EndGlobal
